// !$*UTF8*$!
{
	archiveVersion = 1;
	classes = {
	};
	objectVersion = 46;
	objects = {

/* Begin PBXBuildFile section */
		A157076619BFCF9C00ADF55B /* Foundation.framework in Frameworks */ = {isa = PBXBuildFile; fileRef = A157076519BFCF9C00ADF55B /* Foundation.framework */; };
		A157076819BFCF9C00ADF55B /* CoreGraphics.framework in Frameworks */ = {isa = PBXBuildFile; fileRef = A157076719BFCF9C00ADF55B /* CoreGraphics.framework */; };
		A157076A19BFCF9C00ADF55B /* UIKit.framework in Frameworks */ = {isa = PBXBuildFile; fileRef = A157076919BFCF9C00ADF55B /* UIKit.framework */; };
		A157077019BFCF9C00ADF55B /* InfoPlist.strings in Resources */ = {isa = PBXBuildFile; fileRef = A157076E19BFCF9C00ADF55B /* InfoPlist.strings */; };
		A157077219BFCF9C00ADF55B /* main.m in Sources */ = {isa = PBXBuildFile; fileRef = A157077119BFCF9C00ADF55B /* main.m */; };
		A157077619BFCF9C00ADF55B /* AppDelegate.m in Sources */ = {isa = PBXBuildFile; fileRef = A157077519BFCF9C00ADF55B /* AppDelegate.m */; };
		A157077819BFCF9C00ADF55B /* Images.xcassets in Resources */ = {isa = PBXBuildFile; fileRef = A157077719BFCF9C00ADF55B /* Images.xcassets */; };
		A157077F19BFCF9C00ADF55B /* XCTest.framework in Frameworks */ = {isa = PBXBuildFile; fileRef = A157077E19BFCF9C00ADF55B /* XCTest.framework */; };
		A157078019BFCF9C00ADF55B /* Foundation.framework in Frameworks */ = {isa = PBXBuildFile; fileRef = A157076519BFCF9C00ADF55B /* Foundation.framework */; };
		A157078119BFCF9C00ADF55B /* UIKit.framework in Frameworks */ = {isa = PBXBuildFile; fileRef = A157076919BFCF9C00ADF55B /* UIKit.framework */; };
		A157078919BFCF9C00ADF55B /* InfoPlist.strings in Resources */ = {isa = PBXBuildFile; fileRef = A157078719BFCF9C00ADF55B /* InfoPlist.strings */; };
		A157078B19BFCF9C00ADF55B /* TipCalculatorTests.m in Sources */ = {isa = PBXBuildFile; fileRef = A157078A19BFCF9C00ADF55B /* TipCalculatorTests.m */; };
		A157079719BFD07300ADF55B /* TipViewController.m in Sources */ = {isa = PBXBuildFile; fileRef = A157079519BFD07300ADF55B /* TipViewController.m */; };
		A157079819BFD07300ADF55B /* TipViewController.xib in Resources */ = {isa = PBXBuildFile; fileRef = A157079619BFD07300ADF55B /* TipViewController.xib */; };
		A1A2119819C0AD0D002109DA /* SettingsViewController.m in Sources */ = {isa = PBXBuildFile; fileRef = A1A2119619C0AD0D002109DA /* SettingsViewController.m */; };
		A1A2119919C0AD0D002109DA /* SettingsViewController.xib in Resources */ = {isa = PBXBuildFile; fileRef = A1A2119719C0AD0D002109DA /* SettingsViewController.xib */; };
/* End PBXBuildFile section */

/* Begin PBXContainerItemProxy section */
		A157078219BFCF9C00ADF55B /* PBXContainerItemProxy */ = {
			isa = PBXContainerItemProxy;
			containerPortal = A157075A19BFCF9C00ADF55B /* Project object */;
			proxyType = 1;
			remoteGlobalIDString = A157076119BFCF9C00ADF55B;
			remoteInfo = TipCalculator;
		};
/* End PBXContainerItemProxy section */

/* Begin PBXFileReference section */
		A157076219BFCF9C00ADF55B /* TipCalculator.app */ = {isa = PBXFileReference; explicitFileType = wrapper.application; includeInIndex = 0; path = TipCalculator.app; sourceTree = BUILT_PRODUCTS_DIR; };
		A157076519BFCF9C00ADF55B /* Foundation.framework */ = {isa = PBXFileReference; lastKnownFileType = wrapper.framework; name = Foundation.framework; path = System/Library/Frameworks/Foundation.framework; sourceTree = SDKROOT; };
		A157076719BFCF9C00ADF55B /* CoreGraphics.framework */ = {isa = PBXFileReference; lastKnownFileType = wrapper.framework; name = CoreGraphics.framework; path = System/Library/Frameworks/CoreGraphics.framework; sourceTree = SDKROOT; };
		A157076919BFCF9C00ADF55B /* UIKit.framework */ = {isa = PBXFileReference; lastKnownFileType = wrapper.framework; name = UIKit.framework; path = System/Library/Frameworks/UIKit.framework; sourceTree = SDKROOT; };
		A157076D19BFCF9C00ADF55B /* TipCalculator-Info.plist */ = {isa = PBXFileReference; lastKnownFileType = text.plist.xml; path = "TipCalculator-Info.plist"; sourceTree = "<group>"; };
		A157076F19BFCF9C00ADF55B /* en */ = {isa = PBXFileReference; lastKnownFileType = text.plist.strings; name = en; path = en.lproj/InfoPlist.strings; sourceTree = "<group>"; };
		A157077119BFCF9C00ADF55B /* main.m */ = {isa = PBXFileReference; lastKnownFileType = sourcecode.c.objc; path = main.m; sourceTree = "<group>"; };
		A157077319BFCF9C00ADF55B /* TipCalculator-Prefix.pch */ = {isa = PBXFileReference; lastKnownFileType = sourcecode.c.h; path = "TipCalculator-Prefix.pch"; sourceTree = "<group>"; };
		A157077419BFCF9C00ADF55B /* AppDelegate.h */ = {isa = PBXFileReference; lastKnownFileType = sourcecode.c.h; path = AppDelegate.h; sourceTree = "<group>"; };
		A157077519BFCF9C00ADF55B /* AppDelegate.m */ = {isa = PBXFileReference; lastKnownFileType = sourcecode.c.objc; path = AppDelegate.m; sourceTree = "<group>"; };
		A157077719BFCF9C00ADF55B /* Images.xcassets */ = {isa = PBXFileReference; lastKnownFileType = folder.assetcatalog; path = Images.xcassets; sourceTree = "<group>"; };
		A157077D19BFCF9C00ADF55B /* TipCalculatorTests.xctest */ = {isa = PBXFileReference; explicitFileType = wrapper.cfbundle; includeInIndex = 0; path = TipCalculatorTests.xctest; sourceTree = BUILT_PRODUCTS_DIR; };
		A157077E19BFCF9C00ADF55B /* XCTest.framework */ = {isa = PBXFileReference; lastKnownFileType = wrapper.framework; name = XCTest.framework; path = Library/Frameworks/XCTest.framework; sourceTree = DEVELOPER_DIR; };
		A157078619BFCF9C00ADF55B /* TipCalculatorTests-Info.plist */ = {isa = PBXFileReference; lastKnownFileType = text.plist.xml; path = "TipCalculatorTests-Info.plist"; sourceTree = "<group>"; };
		A157078819BFCF9C00ADF55B /* en */ = {isa = PBXFileReference; lastKnownFileType = text.plist.strings; name = en; path = en.lproj/InfoPlist.strings; sourceTree = "<group>"; };
		A157078A19BFCF9C00ADF55B /* TipCalculatorTests.m */ = {isa = PBXFileReference; lastKnownFileType = sourcecode.c.objc; path = TipCalculatorTests.m; sourceTree = "<group>"; };
		A157079419BFD07300ADF55B /* TipViewController.h */ = {isa = PBXFileReference; fileEncoding = 4; lastKnownFileType = sourcecode.c.h; path = TipViewController.h; sourceTree = "<group>"; };
		A157079519BFD07300ADF55B /* TipViewController.m */ = {isa = PBXFileReference; fileEncoding = 4; lastKnownFileType = sourcecode.c.objc; path = TipViewController.m; sourceTree = "<group>"; };
		A157079619BFD07300ADF55B /* TipViewController.xib */ = {isa = PBXFileReference; fileEncoding = 4; lastKnownFileType = file.xib; path = TipViewController.xib; sourceTree = "<group>"; };
		A1A2119519C0AD0D002109DA /* SettingsViewController.h */ = {isa = PBXFileReference; fileEncoding = 4; lastKnownFileType = sourcecode.c.h; name = SettingsViewController.h; path = ../SettingsViewController.h; sourceTree = "<group>"; };
		A1A2119619C0AD0D002109DA /* SettingsViewController.m */ = {isa = PBXFileReference; fileEncoding = 4; lastKnownFileType = sourcecode.c.objc; name = SettingsViewController.m; path = ../SettingsViewController.m; sourceTree = "<group>"; };
		A1A2119719C0AD0D002109DA /* SettingsViewController.xib */ = {isa = PBXFileReference; fileEncoding = 4; lastKnownFileType = file.xib; name = SettingsViewController.xib; path = ../SettingsViewController.xib; sourceTree = "<group>"; };
/* End PBXFileReference section */

/* Begin PBXFrameworksBuildPhase section */
		A157075F19BFCF9C00ADF55B /* Frameworks */ = {
			isa = PBXFrameworksBuildPhase;
			buildActionMask = 2147483647;
			files = (
				A157076819BFCF9C00ADF55B /* CoreGraphics.framework in Frameworks */,
				A157076A19BFCF9C00ADF55B /* UIKit.framework in Frameworks */,
				A157076619BFCF9C00ADF55B /* Foundation.framework in Frameworks */,
			);
			runOnlyForDeploymentPostprocessing = 0;
		};
		A157077A19BFCF9C00ADF55B /* Frameworks */ = {
			isa = PBXFrameworksBuildPhase;
			buildActionMask = 2147483647;
			files = (
				A157077F19BFCF9C00ADF55B /* XCTest.framework in Frameworks */,
				A157078119BFCF9C00ADF55B /* UIKit.framework in Frameworks */,
				A157078019BFCF9C00ADF55B /* Foundation.framework in Frameworks */,
			);
			runOnlyForDeploymentPostprocessing = 0;
		};
/* End PBXFrameworksBuildPhase section */

/* Begin PBXGroup section */
		A157075919BFCF9C00ADF55B = {
			isa = PBXGroup;
			children = (
				A157076B19BFCF9C00ADF55B /* TipCalculator */,
				A157078419BFCF9C00ADF55B /* TipCalculatorTests */,
				A157076419BFCF9C00ADF55B /* Frameworks */,
				A157076319BFCF9C00ADF55B /* Products */,
			);
			sourceTree = "<group>";
		};
		A157076319BFCF9C00ADF55B /* Products */ = {
			isa = PBXGroup;
			children = (
				A157076219BFCF9C00ADF55B /* TipCalculator.app */,
				A157077D19BFCF9C00ADF55B /* TipCalculatorTests.xctest */,
			);
			name = Products;
			sourceTree = "<group>";
		};
		A157076419BFCF9C00ADF55B /* Frameworks */ = {
			isa = PBXGroup;
			children = (
				A157076519BFCF9C00ADF55B /* Foundation.framework */,
				A157076719BFCF9C00ADF55B /* CoreGraphics.framework */,
				A157076919BFCF9C00ADF55B /* UIKit.framework */,
				A157077E19BFCF9C00ADF55B /* XCTest.framework */,
			);
			name = Frameworks;
			sourceTree = "<group>";
		};
		A157076B19BFCF9C00ADF55B /* TipCalculator */ = {
			isa = PBXGroup;
			children = (
				A1A2119519C0AD0D002109DA /* SettingsViewController.h */,
				A1A2119619C0AD0D002109DA /* SettingsViewController.m */,
				A1A2119719C0AD0D002109DA /* SettingsViewController.xib */,
				A157077419BFCF9C00ADF55B /* AppDelegate.h */,
				A157077519BFCF9C00ADF55B /* AppDelegate.m */,
				A157077719BFCF9C00ADF55B /* Images.xcassets */,
				A157076C19BFCF9C00ADF55B /* Supporting Files */,
				A157079419BFD07300ADF55B /* TipViewController.h */,
				A157079519BFD07300ADF55B /* TipViewController.m */,
				A157079619BFD07300ADF55B /* TipViewController.xib */,
			);
			path = TipCalculator;
			sourceTree = "<group>";
		};
		A157076C19BFCF9C00ADF55B /* Supporting Files */ = {
			isa = PBXGroup;
			children = (
				A157076D19BFCF9C00ADF55B /* TipCalculator-Info.plist */,
				A157076E19BFCF9C00ADF55B /* InfoPlist.strings */,
				A157077119BFCF9C00ADF55B /* main.m */,
				A157077319BFCF9C00ADF55B /* TipCalculator-Prefix.pch */,
			);
			name = "Supporting Files";
			sourceTree = "<group>";
		};
		A157078419BFCF9C00ADF55B /* TipCalculatorTests */ = {
			isa = PBXGroup;
			children = (
				A157078A19BFCF9C00ADF55B /* TipCalculatorTests.m */,
				A157078519BFCF9C00ADF55B /* Supporting Files */,
			);
			path = TipCalculatorTests;
			sourceTree = "<group>";
		};
		A157078519BFCF9C00ADF55B /* Supporting Files */ = {
			isa = PBXGroup;
			children = (
				A157078619BFCF9C00ADF55B /* TipCalculatorTests-Info.plist */,
				A157078719BFCF9C00ADF55B /* InfoPlist.strings */,
			);
			name = "Supporting Files";
			sourceTree = "<group>";
		};
/* End PBXGroup section */

/* Begin PBXNativeTarget section */
		A157076119BFCF9C00ADF55B /* TipCalculator */ = {
			isa = PBXNativeTarget;
			buildConfigurationList = A157078E19BFCF9C00ADF55B /* Build configuration list for PBXNativeTarget "TipCalculator" */;
			buildPhases = (
				A157075E19BFCF9C00ADF55B /* Sources */,
				A157075F19BFCF9C00ADF55B /* Frameworks */,
				A157076019BFCF9C00ADF55B /* Resources */,
			);
			buildRules = (
			);
			dependencies = (
			);
			name = TipCalculator;
			productName = TipCalculator;
			productReference = A157076219BFCF9C00ADF55B /* TipCalculator.app */;
			productType = "com.apple.product-type.application";
		};
		A157077C19BFCF9C00ADF55B /* TipCalculatorTests */ = {
			isa = PBXNativeTarget;
			buildConfigurationList = A157079119BFCF9C00ADF55B /* Build configuration list for PBXNativeTarget "TipCalculatorTests" */;
			buildPhases = (
				A157077919BFCF9C00ADF55B /* Sources */,
				A157077A19BFCF9C00ADF55B /* Frameworks */,
				A157077B19BFCF9C00ADF55B /* Resources */,
			);
			buildRules = (
			);
			dependencies = (
				A157078319BFCF9C00ADF55B /* PBXTargetDependency */,
			);
			name = TipCalculatorTests;
			productName = TipCalculatorTests;
			productReference = A157077D19BFCF9C00ADF55B /* TipCalculatorTests.xctest */;
			productType = "com.apple.product-type.bundle.unit-test";
		};
/* End PBXNativeTarget section */

/* Begin PBXProject section */
		A157075A19BFCF9C00ADF55B /* Project object */ = {
			isa = PBXProject;
			attributes = {
				LastUpgradeCheck = 0510;
				ORGANIZATIONNAME = "Alex Kalinin";
				TargetAttributes = {
					A157077C19BFCF9C00ADF55B = {
						TestTargetID = A157076119BFCF9C00ADF55B;
					};
				};
			};
			buildConfigurationList = A157075D19BFCF9C00ADF55B /* Build configuration list for PBXProject "TipCalculator" */;
			compatibilityVersion = "Xcode 3.2";
			developmentRegion = English;
			hasScannedForEncodings = 0;
			knownRegions = (
				en,
			);
			mainGroup = A157075919BFCF9C00ADF55B;
			productRefGroup = A157076319BFCF9C00ADF55B /* Products */;
			projectDirPath = "";
			projectRoot = "";
			targets = (
				A157076119BFCF9C00ADF55B /* TipCalculator */,
				A157077C19BFCF9C00ADF55B /* TipCalculatorTests */,
			);
		};
/* End PBXProject section */

/* Begin PBXResourcesBuildPhase section */
		A157076019BFCF9C00ADF55B /* Resources */ = {
			isa = PBXResourcesBuildPhase;
			buildActionMask = 2147483647;
			files = (
				A157079819BFD07300ADF55B /* TipViewController.xib in Resources */,
				A157077019BFCF9C00ADF55B /* InfoPlist.strings in Resources */,
				A157077819BFCF9C00ADF55B /* Images.xcassets in Resources */,
				A1A2119919C0AD0D002109DA /* SettingsViewController.xib in Resources */,
			);
			runOnlyForDeploymentPostprocessing = 0;
		};
		A157077B19BFCF9C00ADF55B /* Resources */ = {
			isa = PBXResourcesBuildPhase;
			buildActionMask = 2147483647;
			files = (
				A157078919BFCF9C00ADF55B /* InfoPlist.strings in Resources */,
			);
			runOnlyForDeploymentPostprocessing = 0;
		};
/* End PBXResourcesBuildPhase section */

/* Begin PBXSourcesBuildPhase section */
		A157075E19BFCF9C00ADF55B /* Sources */ = {
			isa = PBXSourcesBuildPhase;
			buildActionMask = 2147483647;
			files = (
				A157077619BFCF9C00ADF55B /* AppDelegate.m in Sources */,
				A157079719BFD07300ADF55B /* TipViewController.m in Sources */,
				A157077219BFCF9C00ADF55B /* main.m in Sources */,
				A1A2119819C0AD0D002109DA /* SettingsViewController.m in Sources */,
			);
			runOnlyForDeploymentPostprocessing = 0;
		};
		A157077919BFCF9C00ADF55B /* Sources */ = {
			isa = PBXSourcesBuildPhase;
			buildActionMask = 2147483647;
			files = (
				A157078B19BFCF9C00ADF55B /* TipCalculatorTests.m in Sources */,
			);
			runOnlyForDeploymentPostprocessing = 0;
		};
/* End PBXSourcesBuildPhase section */

/* Begin PBXTargetDependency section */
		A157078319BFCF9C00ADF55B /* PBXTargetDependency */ = {
			isa = PBXTargetDependency;
			target = A157076119BFCF9C00ADF55B /* TipCalculator */;
			targetProxy = A157078219BFCF9C00ADF55B /* PBXContainerItemProxy */;
		};
/* End PBXTargetDependency section */

/* Begin PBXVariantGroup section */
		A157076E19BFCF9C00ADF55B /* InfoPlist.strings */ = {
			isa = PBXVariantGroup;
			children = (
				A157076F19BFCF9C00ADF55B /* en */,
			);
			name = InfoPlist.strings;
			sourceTree = "<group>";
		};
		A157078719BFCF9C00ADF55B /* InfoPlist.strings */ = {
			isa = PBXVariantGroup;
			children = (
				A157078819BFCF9C00ADF55B /* en */,
			);
			name = InfoPlist.strings;
			sourceTree = "<group>";
		};
/* End PBXVariantGroup section */

/* Begin XCBuildConfiguration section */
		A157078C19BFCF9C00ADF55B /* Debug */ = {
			isa = XCBuildConfiguration;
			buildSettings = {
				ALWAYS_SEARCH_USER_PATHS = NO;
				CLANG_CXX_LANGUAGE_STANDARD = "gnu++0x";
				CLANG_CXX_LIBRARY = "libc++";
				CLANG_ENABLE_MODULES = YES;
				CLANG_ENABLE_OBJC_ARC = YES;
				CLANG_WARN_BOOL_CONVERSION = YES;
				CLANG_WARN_CONSTANT_CONVERSION = YES;
				CLANG_WARN_DIRECT_OBJC_ISA_USAGE = YES_ERROR;
				CLANG_WARN_EMPTY_BODY = YES;
				CLANG_WARN_ENUM_CONVERSION = YES;
				CLANG_WARN_INT_CONVERSION = YES;
				CLANG_WARN_OBJC_ROOT_CLASS = YES_ERROR;
				CLANG_WARN__DUPLICATE_METHOD_MATCH = YES;
				"CODE_SIGN_IDENTITY[sdk=iphoneos*]" = "iPhone Developer";
				COPY_PHASE_STRIP = NO;
				GCC_C_LANGUAGE_STANDARD = gnu99;
				GCC_DYNAMIC_NO_PIC = NO;
				GCC_OPTIMIZATION_LEVEL = 0;
				GCC_PREPROCESSOR_DEFINITIONS = (
					"DEBUG=1",
					"$(inherited)",
				);
				GCC_SYMBOLS_PRIVATE_EXTERN = NO;
				GCC_WARN_64_TO_32_BIT_CONVERSION = YES;
				GCC_WARN_ABOUT_RETURN_TYPE = YES_ERROR;
				GCC_WARN_UNDECLARED_SELECTOR = YES;
				GCC_WARN_UNINITIALIZED_AUTOS = YES_AGGRESSIVE;
				GCC_WARN_UNUSED_FUNCTION = YES;
				GCC_WARN_UNUSED_VARIABLE = YES;
				IPHONEOS_DEPLOYMENT_TARGET = 7.1;
				ONLY_ACTIVE_ARCH = YES;
				SDKROOT = iphoneos;
			};
			name = Debug;
		};
		A157078D19BFCF9C00ADF55B /* Release */ = {
			isa = XCBuildConfiguration;
			buildSettings = {
				ALWAYS_SEARCH_USER_PATHS = NO;
				CLANG_CXX_LANGUAGE_STANDARD = "gnu++0x";
				CLANG_CXX_LIBRARY = "libc++";
				CLANG_ENABLE_MODULES = YES;
				CLANG_ENABLE_OBJC_ARC = YES;
				CLANG_WARN_BOOL_CONVERSION = YES;
				CLANG_WARN_CONSTANT_CONVERSION = YES;
				CLANG_WARN_DIRECT_OBJC_ISA_USAGE = YES_ERROR;
				CLANG_WARN_EMPTY_BODY = YES;
				CLANG_WARN_ENUM_CONVERSION = YES;
				CLANG_WARN_INT_CONVERSION = YES;
				CLANG_WARN_OBJC_ROOT_CLASS = YES_ERROR;
				CLANG_WARN__DUPLICATE_METHOD_MATCH = YES;
				"CODE_SIGN_IDENTITY[sdk=iphoneos*]" = "iPhone Developer";
				COPY_PHASE_STRIP = YES;
				ENABLE_NS_ASSERTIONS = NO;
				GCC_C_LANGUAGE_STANDARD = gnu99;
				GCC_WARN_64_TO_32_BIT_CONVERSION = YES;
				GCC_WARN_ABOUT_RETURN_TYPE = YES_ERROR;
				GCC_WARN_UNDECLARED_SELECTOR = YES;
				GCC_WARN_UNINITIALIZED_AUTOS = YES_AGGRESSIVE;
				GCC_WARN_UNUSED_FUNCTION = YES;
				GCC_WARN_UNUSED_VARIABLE = YES;
				IPHONEOS_DEPLOYMENT_TARGET = 7.1;
				SDKROOT = iphoneos;
				VALIDATE_PRODUCT = YES;
			};
			name = Release;
		};
		A157078F19BFCF9C00ADF55B /* Debug */ = {
			isa = XCBuildConfiguration;
			buildSettings = {
				ASSETCATALOG_COMPILER_APPICON_NAME = AppIcon;
				ASSETCATALOG_COMPILER_LAUNCHIMAGE_NAME = LaunchImage;
				GCC_PRECOMPILE_PREFIX_HEADER = YES;
				GCC_PREFIX_HEADER = "TipCalculator/TipCalculator-Prefix.pch";
				INFOPLIST_FILE = "TipCalculator/TipCalculator-Info.plist";
				IPHONEOS_DEPLOYMENT_TARGET = 6.1;
				PRODUCT_NAME = "$(TARGET_NAME)";
				TARGETED_DEVICE_FAMILY = 1;
				WRAPPER_EXTENSION = app;
			};
			name = Debug;
		};
		A157079019BFCF9C00ADF55B /* Release */ = {
			isa = XCBuildConfiguration;
			buildSettings = {
				ASSETCATALOG_COMPILER_APPICON_NAME = AppIcon;
				ASSETCATALOG_COMPILER_LAUNCHIMAGE_NAME = LaunchImage;
				GCC_PRECOMPILE_PREFIX_HEADER = YES;
				GCC_PREFIX_HEADER = "TipCalculator/TipCalculator-Prefix.pch";
				INFOPLIST_FILE = "TipCalculator/TipCalculator-Info.plist";
				IPHONEOS_DEPLOYMENT_TARGET = 6.1;
				PRODUCT_NAME = "$(TARGET_NAME)";
				TARGETED_DEVICE_FAMILY = 1;
				WRAPPER_EXTENSION = app;
			};
			name = Release;
		};
		A157079219BFCF9C00ADF55B /* Debug */ = {
			isa = XCBuildConfiguration;
			buildSettings = {
				BUNDLE_LOADER = "$(BUILT_PRODUCTS_DIR)/TipCalculator.app/TipCalculator";
				FRAMEWORK_SEARCH_PATHS = (
					"$(SDKROOT)/Developer/Library/Frameworks",
					"$(inherited)",
					"$(DEVELOPER_FRAMEWORKS_DIR)",
				);
				GCC_PRECOMPILE_PREFIX_HEADER = YES;
				GCC_PREFIX_HEADER = "TipCalculator/TipCalculator-Prefix.pch";
				GCC_PREPROCESSOR_DEFINITIONS = (
					"DEBUG=1",
					"$(inherited)",
				);
				INFOPLIST_FILE = "TipCalculatorTests/TipCalculatorTests-Info.plist";
				PRODUCT_NAME = "$(TARGET_NAME)";
				TEST_HOST = "$(BUNDLE_LOADER)";
				WRAPPER_EXTENSION = xctest;
			};
			name = Debug;
		};
		A157079319BFCF9C00ADF55B /* Release */ = {
			isa = XCBuildConfiguration;
			buildSettings = {
				BUNDLE_LOADER = "$(BUILT_PRODUCTS_DIR)/TipCalculator.app/TipCalculator";
				FRAMEWORK_SEARCH_PATHS = (
					"$(SDKROOT)/Developer/Library/Frameworks",
					"$(inherited)",
					"$(DEVELOPER_FRAMEWORKS_DIR)",
				);
				GCC_PRECOMPILE_PREFIX_HEADER = YES;
				GCC_PREFIX_HEADER = "TipCalculator/TipCalculator-Prefix.pch";
				INFOPLIST_FILE = "TipCalculatorTests/TipCalculatorTests-Info.plist";
				PRODUCT_NAME = "$(TARGET_NAME)";
				TEST_HOST = "$(BUNDLE_LOADER)";
				WRAPPER_EXTENSION = xctest;
			};
			name = Release;
		};
/* End XCBuildConfiguration section */

/* Begin XCConfigurationList section */
		A157075D19BFCF9C00ADF55B /* Build configuration list for PBXProject "TipCalculator" */ = {
			isa = XCConfigurationList;
			buildConfigurations = (
				A157078C19BFCF9C00ADF55B /* Debug */,
				A157078D19BFCF9C00ADF55B /* Release */,
			);
			defaultConfigurationIsVisible = 0;
			defaultConfigurationName = Release;
		};
		A157078E19BFCF9C00ADF55B /* Build configuration list for PBXNativeTarget "TipCalculator" */ = {
			isa = XCConfigurationList;
			buildConfigurations = (
				A157078F19BFCF9C00ADF55B /* Debug */,
				A157079019BFCF9C00ADF55B /* Release */,
			);
			defaultConfigurationIsVisible = 0;
			defaultConfigurationName = Release;
		};
		A157079119BFCF9C00ADF55B /* Build configuration list for PBXNativeTarget "TipCalculatorTests" */ = {
			isa = XCConfigurationList;
			buildConfigurations = (
				A157079219BFCF9C00ADF55B /* Debug */,
				A157079319BFCF9C00ADF55B /* Release */,
			);
			defaultConfigurationIsVisible = 0;
			defaultConfigurationName = Release;
		};
/* End XCConfigurationList section */
	};
	rootObject = A157075A19BFCF9C00ADF55B /* Project object */;
}
